# This file is automatically @generated by Cargo.
# It is not intended for manual editing.
version = 3

[[package]]
name = "android-tzdata"
version = "0.1.1"
source = "registry+https://github.com/rust-lang/crates.io-index"
checksum = "e999941b234f3131b00bc13c22d06e8c5ff726d1b6318ac7eb276997bbb4fef0"

[[package]]
name = "android_system_properties"
version = "0.1.5"
source = "registry+https://github.com/rust-lang/crates.io-index"
checksum = "819e7219dbd41043ac279b19830f2efc897156490d7fd6ea916720117ee66311"
dependencies = [
 "libc",
]

[[package]]
name = "arrayref"
version = "0.3.7"
source = "registry+https://github.com/rust-lang/crates.io-index"
checksum = "6b4930d2cb77ce62f89ee5d5289b4ac049559b1c45539271f5ed4fdc7db34545"

[[package]]
name = "arrayvec"
version = "0.7.4"
source = "registry+https://github.com/rust-lang/crates.io-index"
checksum = "96d30a06541fbafbc7f82ed10c06164cfbd2c401138f6addd8404629c4b16711"

[[package]]
name = "autocfg"
version = "1.1.0"
source = "registry+https://github.com/rust-lang/crates.io-index"
checksum = "d468802bab17cbc0cc575e9b053f41e72aa36bfa6b7f55e3529ffa43161b97fa"

[[package]]
name = "bit_field"
version = "0.10.2"
source = "registry+https://github.com/rust-lang/crates.io-index"
checksum = "dc827186963e592360843fb5ba4b973e145841266c1357f7180c43526f2e5b61"

[[package]]
name = "bitflags"
version = "1.3.2"
source = "registry+https://github.com/rust-lang/crates.io-index"
checksum = "bef38d45163c2f1dde094a7dfd33ccf595c92905c8f8f4fdc18d06fb1037718a"

[[package]]
name = "blake3"
version = "1.4.0"
source = "registry+https://github.com/rust-lang/crates.io-index"
checksum = "729b71f35bd3fa1a4c86b85d32c8b9069ea7fe14f7a53cfabb65f62d4265b888"
dependencies = [
 "arrayref",
 "arrayvec",
 "cc",
 "cfg-if",
 "constant_time_eq",
]

[[package]]
name = "bumpalo"
version = "3.13.0"
source = "registry+https://github.com/rust-lang/crates.io-index"
checksum = "a3e2c3daef883ecc1b5d58c15adae93470a91d425f3532ba1695849656af3fc1"

[[package]]
name = "bytemuck"
version = "1.13.1"
source = "registry+https://github.com/rust-lang/crates.io-index"
checksum = "17febce684fd15d89027105661fec94afb475cb995fbc59d2865198446ba2eea"
dependencies = [
 "bytemuck_derive",
]

[[package]]
name = "bytemuck_derive"
version = "1.4.1"
source = "registry+https://github.com/rust-lang/crates.io-index"
checksum = "fdde5c9cd29ebd706ce1b35600920a33550e402fc998a2e53ad3b42c3c47a192"
dependencies = [
 "proc-macro2",
 "quote",
 "syn 2.0.22",
]

[[package]]
name = "cc"
version = "1.0.79"
source = "registry+https://github.com/rust-lang/crates.io-index"
checksum = "50d30906286121d95be3d479533b458f87493b30a4b5f79a607db8f5d11aa91f"

[[package]]
name = "cfg-if"
version = "1.0.0"
source = "registry+https://github.com/rust-lang/crates.io-index"
checksum = "baf1de4339761588bc0619e3cbc0120ee582ebb74b53b4efbf79117bd2da40fd"

[[package]]
name = "chrono"
version = "0.4.26"
source = "registry+https://github.com/rust-lang/crates.io-index"
checksum = "ec837a71355b28f6556dbd569b37b3f363091c0bd4b2e735674521b4c5fd9bc5"
dependencies = [
 "android-tzdata",
 "iana-time-zone",
 "js-sys",
 "num-traits",
 "time 0.1.45",
 "wasm-bindgen",
 "winapi",
]

[[package]]
name = "constant_time_eq"
version = "0.2.6"
source = "registry+https://github.com/rust-lang/crates.io-index"
checksum = "21a53c0a4d288377e7415b53dcfc3c04da5cdc2cc95c8d5ac178b58f0b861ad6"

[[package]]
name = "core-foundation-sys"
version = "0.8.4"
source = "registry+https://github.com/rust-lang/crates.io-index"
checksum = "e496a50fda8aacccc86d7529e2c1e0892dbd0f898a6b5645b5561b89c3210efa"

[[package]]
name = "crossbeam"
version = "0.8.2"
source = "registry+https://github.com/rust-lang/crates.io-index"
checksum = "2801af0d36612ae591caa9568261fddce32ce6e08a7275ea334a06a4ad021a2c"
dependencies = [
 "cfg-if",
 "crossbeam-epoch",
 "crossbeam-queue",
 "crossbeam-utils",
]

[[package]]
name = "crossbeam-epoch"
version = "0.9.15"
source = "registry+https://github.com/rust-lang/crates.io-index"
checksum = "ae211234986c545741a7dc064309f67ee1e5ad243d0e48335adc0484d960bcc7"
dependencies = [
 "autocfg",
 "cfg-if",
 "crossbeam-utils",
 "memoffset",
 "scopeguard",
]

[[package]]
name = "crossbeam-queue"
version = "0.3.8"
source = "registry+https://github.com/rust-lang/crates.io-index"
checksum = "d1cfb3ea8a53f37c40dea2c7bedcbd88bdfae54f5e2175d6ecaff1c988353add"
dependencies = [
 "cfg-if",
 "crossbeam-utils",
]

[[package]]
name = "crossbeam-utils"
version = "0.8.16"
source = "registry+https://github.com/rust-lang/crates.io-index"
checksum = "5a22b2d63d4d1dc0b7f1b6b2747dd0088008a9be28b6ddf0b1e7d335e3037294"
dependencies = [
 "cfg-if",
]

[[package]]
name = "doc-comment"
version = "0.3.3"
source = "registry+https://github.com/rust-lang/crates.io-index"
checksum = "fea41bba32d969b513997752735605054bc0dfa92b4c56bf1189f2e174be7a10"

[[package]]
name = "either"
version = "1.9.0"
source = "registry+https://github.com/rust-lang/crates.io-index"
checksum = "a26ae43d7bcc3b814de94796a5e736d4029efb0ee900c12e2d54c993ad1a1e07"

[[package]]
name = "elf"
version = "0.7.2"
source = "registry+https://github.com/rust-lang/crates.io-index"
checksum = "e2b183d6ce6ca4cf30e3db37abf5b52568b5f9015c97d9fbdd7026aa5dcdd758"

[[package]]
name = "futures-core"
version = "0.3.28"
source = "registry+https://github.com/rust-lang/crates.io-index"
checksum = "4bca583b7e26f571124fe5b7561d49cb2868d79116cfa0eefce955557c6fee8c"

[[package]]
name = "futures-task"
version = "0.3.28"
source = "registry+https://github.com/rust-lang/crates.io-index"
checksum = "76d3d132be6c0e6aa1534069c705a74a5997a356c0dc2f86a47765e5617c5b65"

[[package]]
name = "futures-util"
version = "0.3.28"
source = "registry+https://github.com/rust-lang/crates.io-index"
checksum = "26b01e40b772d54cf6c6d721c1d1abd0647a0106a12ecaa1c186273392a69533"
dependencies = [
 "futures-core",
 "futures-task",
 "pin-project-lite",
 "pin-utils",
]

[[package]]
name = "generator"
version = "0.7.5"
source = "registry+https://github.com/rust-lang/crates.io-index"
checksum = "5cc16584ff22b460a382b7feec54b23d2908d858152e5739a120b949293bd74e"
dependencies = [
 "cc",
 "libc",
 "log",
 "rustversion",
 "windows",
]

[[package]]
name = "glam"
version = "0.24.1"
source = "registry+https://github.com/rust-lang/crates.io-index"
checksum = "42218cb640844e3872cc3c153dc975229e080a6c4733b34709ef445610550226"
dependencies = [
 "libm",
]

[[package]]
name = "heck"
version = "0.4.1"
source = "registry+https://github.com/rust-lang/crates.io-index"
checksum = "95505c38b4572b2d910cecb0281560f54b440a19336cbbcb27bf6ce6adc6f5a8"

[[package]]
name = "hyperion-arch"
version = "0.1.0"
dependencies = [
 "hyperion-arch-x86_64",
]

[[package]]
name = "hyperion-arch-x86_64"
version = "0.1.0"
dependencies = [
 "crossbeam",
 "hyperion-atomic-map",
 "hyperion-boot",
 "hyperion-boot-interface",
 "hyperion-cpu-id",
 "hyperion-drivers",
 "hyperion-interrupts",
 "hyperion-log",
 "hyperion-macros",
 "hyperion-mem",
 "memoffset",
 "smallvec",
 "spin",
 "x86_64",
]

[[package]]
name = "hyperion-atomic-map"
version = "0.1.0"
dependencies = [
 "loom",
]

[[package]]
name = "hyperion-backtrace"
version = "0.1.0"
dependencies = [
 "elf",
 "hyperion-boot",
 "hyperion-escape",
 "hyperion-log",
 "rustc-demangle",
 "spin",
 "x86_64",
]

[[package]]
name = "hyperion-bitmap"
version = "0.1.0"

[[package]]
name = "hyperion-boot"
version = "0.1.0"
dependencies = [
 "hyperion-boot-limine",
 "hyperion-log",
 "spin",
]

[[package]]
name = "hyperion-boot-interface"
version = "0.1.0"

[[package]]
name = "hyperion-boot-limine"
version = "0.1.0"
dependencies = [
 "crossbeam",
 "hyperion-boot-interface",
 "hyperion-log",
 "limine",
 "spin",
]

[[package]]
name = "hyperion-checked"
version = "0.1.0"

[[package]]
name = "hyperion-clock"
version = "0.1.0"
dependencies = [
 "crossbeam",
 "spin",
]

[[package]]
name = "hyperion-color"
version = "0.1.0"

[[package]]
name = "hyperion-cpu-id"
version = "0.1.0"
dependencies = [
 "hyperion-boot",
 "x86_64",
]

[[package]]
name = "hyperion-defer"
version = "0.1.0"

[[package]]
name = "hyperion-driver-acpi"
version = "0.1.0"
dependencies = [
 "bit_field",
 "crossbeam",
 "hyperion-atomic-map",
 "hyperion-boot",
 "hyperion-boot-interface",
 "hyperion-clock",
 "hyperion-driver-pic",
 "hyperion-interrupts",
 "hyperion-log",
 "hyperion-mem",
 "hyperion-static-str",
 "hyperion-timer",
 "hyperion-vfs",
 "paste",
 "smallvec",
 "spin",
 "time 0.3.22",
 "x86_64",
]

[[package]]
name = "hyperion-driver-framebuffer"
version = "0.1.0"
dependencies = [
 "hyperion-framebuffer",
 "hyperion-vfs",
]

[[package]]
name = "hyperion-driver-pic"
version = "0.1.0"
dependencies = [
 "hyperion-interrupts",
 "hyperion-log",
 "spin",
 "x86_64",
]

[[package]]
name = "hyperion-driver-pit"
version = "0.1.0"
dependencies = [
 "hyperion-clock",
 "hyperion-driver-pic",
 "spin",
 "x86_64",
]

[[package]]
name = "hyperion-driver-ps2"
version = "0.1.0"
dependencies = [
 "crossbeam",
 "hyperion-driver-acpi",
 "hyperion-interrupts",
 "hyperion-keyboard",
 "hyperion-log",
 "x86_64",
]

[[package]]
name = "hyperion-driver-qemu"
version = "0.1.0"
dependencies = [
 "spin",
 "uart_16550",
 "x86_64",
]

[[package]]
name = "hyperion-driver-rtc"
version = "0.1.0"
dependencies = [
 "hyperion-log",
 "hyperion-macros",
 "hyperion-vfs",
 "spin",
 "time 0.3.22",
 "x86_64",
]

[[package]]
name = "hyperion-drivers"
version = "0.1.0"
dependencies = [
 "hyperion-clock",
 "hyperion-driver-acpi",
 "hyperion-driver-framebuffer",
 "hyperion-driver-ps2",
 "hyperion-driver-rtc",
 "hyperion-keyboard",
 "hyperion-vfs",
]

[[package]]
name = "hyperion-escape"
version = "0.1.0"
dependencies = [
 "hyperion-color",
]

[[package]]
name = "hyperion-framebuffer"
version = "0.1.0"
dependencies = [
 "hyperion-boot",
 "hyperion-boot-interface",
 "hyperion-color",
 "hyperion-escape",
 "hyperion-macros",
 "spin",
]

[[package]]
name = "hyperion-futures"
version = "0.1.0"
dependencies = [
 "crossbeam",
 "crossbeam-queue",
 "futures-util",
 "hyperion-arch",
 "hyperion-bitmap",
 "hyperion-clock",
 "hyperion-color",
 "hyperion-driver-acpi",
 "hyperion-instant",
 "hyperion-int-safe-lazy",
 "hyperion-keyboard",
 "hyperion-log",
 "hyperion-mem",
 "hyperion-random",
 "hyperion-scheduler",
 "hyperion-timer",
 "spin",
 "time 0.3.22",
 "x86_64",
]

[[package]]
name = "hyperion-instant"
version = "0.1.0"
dependencies = [
 "hyperion-checked",
 "hyperion-clock",
 "time 0.3.22",
]

[[package]]
name = "hyperion-int-safe-lazy"
version = "0.1.0"
dependencies = [
 "spin",
]

[[package]]
name = "hyperion-interrupts"
version = "0.1.0"
dependencies = [
 "crossbeam",
 "hyperion-macros",
]

[[package]]
name = "hyperion-kernel"
version = "0.1.0"
dependencies = [
 "crossbeam",
 "futures-util",
 "hyperion-arch",
 "hyperion-backtrace",
 "hyperion-boot",
 "hyperion-boot-interface",
 "hyperion-color",
 "hyperion-cpu-id",
 "hyperion-drivers",
 "hyperion-framebuffer",
 "hyperion-futures",
 "hyperion-instant",
 "hyperion-interrupts",
 "hyperion-kernel-info",
 "hyperion-kshell",
 "hyperion-log",
 "hyperion-log-multi",
 "hyperion-mem",
 "hyperion-num-postfix",
 "hyperion-random",
 "hyperion-scheduler",
 "hyperion-sync",
 "hyperion-syscall",
 "hyperion-vfs",
 "spin",
 "time 0.3.22",
 "x86_64",
]

[[package]]
name = "hyperion-kernel-info"
version = "0.1.0"
dependencies = [
 "hyperion-macros",
]

[[package]]
name = "hyperion-keyboard"
version = "0.1.0"
dependencies = [
 "crossbeam",
 "crossbeam-queue",
 "futures-util",
 "hyperion-int-safe-lazy",
 "hyperion-log",
 "pc-keyboard",
 "spin",
]

[[package]]
name = "hyperion-kshell"
version = "0.1.0"
dependencies = [
 "futures-util",
 "glam",
 "hyperion-arch",
 "hyperion-color",
 "hyperion-cpu-id",
 "hyperion-driver-acpi",
 "hyperion-escape",
 "hyperion-framebuffer",
 "hyperion-futures",
 "hyperion-instant",
 "hyperion-kernel-info",
 "hyperion-keyboard",
 "hyperion-loader",
 "hyperion-log",
 "hyperion-log-multi",
 "hyperion-mem",
 "hyperion-num-postfix",
 "hyperion-random",
 "hyperion-sample-elf",
 "hyperion-scheduler",
 "hyperion-vfs",
 "itertools",
 "libm",
 "snafu",
 "spin",
 "time 0.3.22",
]

[[package]]
name = "hyperion-loader"
version = "0.1.0"
dependencies = [
 "elf",
 "hyperion-arch",
 "hyperion-boot",
 "hyperion-log",
 "hyperion-mem",
 "hyperion-scheduler",
 "x86_64",
]

[[package]]
name = "hyperion-log"
version = "0.1.0"
dependencies = [
 "hyperion-escape",
 "spin",
]

[[package]]
name = "hyperion-log-multi"
version = "0.1.0"
dependencies = [
 "crossbeam",
 "hyperion-boot",
 "hyperion-driver-qemu",
 "hyperion-log",
 "hyperion-scheduler",
 "spin",
]

[[package]]
name = "hyperion-macros"
version = "0.1.0"
dependencies = [
 "chrono",
 "proc-macro2",
 "quote",
 "syn 2.0.22",
]

[[package]]
name = "hyperion-mem"
version = "0.1.0"
dependencies = [
 "bytemuck",
 "hyperion-bitmap",
 "hyperion-boot",
 "hyperion-boot-interface",
 "hyperion-log",
 "hyperion-num-postfix",
 "hyperion-sync",
 "spin",
 "volatile 0.5.1",
 "x86_64",
]

[[package]]
name = "hyperion-num-postfix"
version = "0.1.0"

[[package]]
name = "hyperion-random"
version = "0.1.0"
dependencies = [
 "blake3",
 "hyperion-log",
 "hyperion-macros",
 "rand",
 "rand_chacha",
 "spin",
]

[[package]]
name = "hyperion-sample-elf"
version = "0.1.0"
dependencies = [
 "hyperion-syscall",
 "x86_64",
]

[[package]]
name = "hyperion-scheduler"
version = "0.1.0"
dependencies = [
 "crossbeam",
 "crossbeam-queue",
 "futures-util",
 "hyperion-arch",
 "hyperion-bitmap",
 "hyperion-clock",
 "hyperion-color",
 "hyperion-cpu-id",
 "hyperion-driver-acpi",
 "hyperion-instant",
 "hyperion-int-safe-lazy",
 "hyperion-keyboard",
 "hyperion-log",
 "hyperion-mem",
 "hyperion-random",
 "hyperion-timer",
 "spin",
 "time 0.3.22",
 "x86_64",
]

[[package]]
name = "hyperion-static-str"
version = "0.1.0"

[[package]]
name = "hyperion-sync"
version = "0.1.0"
dependencies = [
 "crossbeam",
 "hyperion-cpu-id",
 "spin",
]

[[package]]
name = "hyperion-syscall"
version = "0.1.0"

[[package]]
name = "hyperion-timer"
version = "0.1.0"
dependencies = [
 "crossbeam",
 "futures-util",
 "hyperion-instant",
 "hyperion-int-safe-lazy",
 "hyperion-log",
 "spin",
 "time 0.3.22",
]

[[package]]
name = "hyperion-vfs"
version = "0.1.0"
dependencies = [
 "crossbeam",
 "hyperion-log",
 "snafu",
 "spin",
]

[[package]]
name = "iana-time-zone"
version = "0.1.57"
source = "registry+https://github.com/rust-lang/crates.io-index"
checksum = "2fad5b825842d2b38bd206f3e81d6957625fd7f0a361e345c30e01a0ae2dd613"
dependencies = [
 "android_system_properties",
 "core-foundation-sys",
 "iana-time-zone-haiku",
 "js-sys",
 "wasm-bindgen",
 "windows",
]

[[package]]
name = "iana-time-zone-haiku"
version = "0.1.2"
source = "registry+https://github.com/rust-lang/crates.io-index"
checksum = "f31827a206f56af32e590ba56d5d2d085f558508192593743f16b2306495269f"
dependencies = [
 "cc",
]

[[package]]
name = "itertools"
version = "0.11.0"
source = "registry+https://github.com/rust-lang/crates.io-index"
checksum = "b1c173a5686ce8bfa551b3563d0c2170bf24ca44da99c7ca4bfdab5418c3fe57"
dependencies = [
 "either",
]

[[package]]
name = "js-sys"
version = "0.3.64"
source = "registry+https://github.com/rust-lang/crates.io-index"
checksum = "c5f195fe497f702db0f318b07fdd68edb16955aed830df8363d837542f8f935a"
dependencies = [
 "wasm-bindgen",
]

[[package]]
name = "lazy_static"
version = "1.4.0"
source = "registry+https://github.com/rust-lang/crates.io-index"
checksum = "e2abad23fbc42b3700f2f279844dc832adb2b2eb069b2df918f455c4e18cc646"

[[package]]
name = "libc"
version = "0.2.147"
source = "registry+https://github.com/rust-lang/crates.io-index"
checksum = "b4668fb0ea861c1df094127ac5f1da3409a82116a4ba74fca2e58ef927159bb3"

[[package]]
name = "libm"
version = "0.2.7"
source = "registry+https://github.com/rust-lang/crates.io-index"
checksum = "f7012b1bbb0719e1097c47611d3898568c546d597c2e74d66f6087edd5233ff4"

[[package]]
name = "limine"
version = "0.1.10"
source = "registry+https://github.com/rust-lang/crates.io-index"
checksum = "5e9d0c951056ac044f0e6b09448b9d702f8fb1001db89cffd2bc467bd1c25307"

[[package]]
name = "lock_api"
version = "0.4.10"
source = "registry+https://github.com/rust-lang/crates.io-index"
checksum = "c1cc9717a20b1bb222f333e6a92fd32f7d8a18ddc5a3191a11af45dcbf4dcd16"
dependencies = [
 "autocfg",
 "scopeguard",
]

[[package]]
name = "log"
version = "0.4.19"
source = "registry+https://github.com/rust-lang/crates.io-index"
checksum = "b06a4cde4c0f271a446782e3eff8de789548ce57dbc8eca9292c27f4a42004b4"

[[package]]
name = "loom"
version = "0.6.0"
source = "registry+https://github.com/rust-lang/crates.io-index"
checksum = "27537a24ea22f4818f17260442099a6ed6e21c445ece117aa1873688c399cb79"
dependencies = [
 "cfg-if",
 "generator",
 "scoped-tls",
 "tracing",
 "tracing-subscriber",
]

[[package]]
name = "matchers"
version = "0.1.0"
source = "registry+https://github.com/rust-lang/crates.io-index"
checksum = "8263075bb86c5a1b1427b5ae862e8889656f126e9f77c484496e8b47cf5c5558"
dependencies = [
 "regex-automata",
]

[[package]]
name = "memoffset"
version = "0.9.0"
source = "registry+https://github.com/rust-lang/crates.io-index"
checksum = "5a634b1c61a95585bd15607c6ab0c4e5b226e695ff2800ba0cdccddf208c406c"
dependencies = [
 "autocfg",
]

[[package]]
name = "nu-ansi-term"
version = "0.46.0"
source = "registry+https://github.com/rust-lang/crates.io-index"
checksum = "77a8165726e8236064dbb45459242600304b42a5ea24ee2948e18e023bf7ba84"
dependencies = [
 "overload",
 "winapi",
]

[[package]]
name = "num-traits"
version = "0.2.15"
source = "registry+https://github.com/rust-lang/crates.io-index"
checksum = "578ede34cf02f8924ab9447f50c28075b4d3e5b269972345e7e0372b38c6cdcd"
dependencies = [
 "autocfg",
]

[[package]]
name = "once_cell"
version = "1.18.0"
source = "registry+https://github.com/rust-lang/crates.io-index"
checksum = "dd8b5dd2ae5ed71462c540258bedcb51965123ad7e7ccf4b9a8cafaa4a63576d"

[[package]]
name = "overload"
version = "0.1.1"
source = "registry+https://github.com/rust-lang/crates.io-index"
checksum = "b15813163c1d831bf4a13c3610c05c0d03b39feb07f7e09fa234dac9b15aaf39"

[[package]]
name = "paste"
version = "1.0.12"
source = "registry+https://github.com/rust-lang/crates.io-index"
checksum = "9f746c4065a8fa3fe23974dd82f15431cc8d40779821001404d10d2e79ca7d79"

[[package]]
name = "pc-keyboard"
version = "0.7.0"
source = "registry+https://github.com/rust-lang/crates.io-index"
checksum = "ed089a1fbffe3337a1a345501c981f1eb1e47e69de5a40e852433e12953c3174"

[[package]]
name = "pin-project-lite"
version = "0.2.9"
source = "registry+https://github.com/rust-lang/crates.io-index"
checksum = "e0a7ae3ac2f1173085d398531c705756c94a4c56843785df85a60c1a0afac116"

[[package]]
name = "pin-utils"
version = "0.1.0"
source = "registry+https://github.com/rust-lang/crates.io-index"
checksum = "8b870d8c151b6f2fb93e84a13146138f05d02ed11c7e7c54f8826aaaf7c9f184"

[[package]]
name = "ppv-lite86"
version = "0.2.17"
source = "registry+https://github.com/rust-lang/crates.io-index"
checksum = "5b40af805b3121feab8a3c29f04d8ad262fa8e0561883e7653e024ae4479e6de"

[[package]]
name = "proc-macro2"
version = "1.0.63"
source = "registry+https://github.com/rust-lang/crates.io-index"
checksum = "7b368fba921b0dce7e60f5e04ec15e565b3303972b42bcfde1d0713b881959eb"
dependencies = [
 "unicode-ident",
]

[[package]]
name = "quote"
version = "1.0.28"
source = "registry+https://github.com/rust-lang/crates.io-index"
checksum = "1b9ab9c7eadfd8df19006f1cf1a4aed13540ed5cbc047010ece5826e10825488"
dependencies = [
 "proc-macro2",
]

[[package]]
name = "rand"
version = "0.8.5"
source = "registry+https://github.com/rust-lang/crates.io-index"
checksum = "34af8d1a0e25924bc5b7c43c079c942339d8f0a8b57c39049bef581b46327404"
dependencies = [
 "rand_chacha",
 "rand_core",
]

[[package]]
name = "rand_chacha"
version = "0.3.1"
source = "registry+https://github.com/rust-lang/crates.io-index"
checksum = "e6c10a63a0fa32252be49d21e7709d4d4baf8d231c2dbce1eaa8141b9b127d88"
dependencies = [
 "ppv-lite86",
 "rand_core",
]

[[package]]
name = "rand_core"
version = "0.6.4"
source = "registry+https://github.com/rust-lang/crates.io-index"
checksum = "ec0be4795e2f6a28069bec0b5ff3e2ac9bafc99e6a9a7dc3547996c5c816922c"

[[package]]
name = "raw-cpuid"
version = "10.7.0"
source = "registry+https://github.com/rust-lang/crates.io-index"
checksum = "6c297679cb867470fa8c9f67dbba74a78d78e3e98d7cf2b08d6d71540f797332"
dependencies = [
 "bitflags",
]

[[package]]
name = "regex"
version = "1.8.4"
source = "registry+https://github.com/rust-lang/crates.io-index"
checksum = "d0ab3ca65655bb1e41f2a8c8cd662eb4fb035e67c3f78da1d61dffe89d07300f"
dependencies = [
 "regex-syntax 0.7.2",
]

[[package]]
name = "regex-automata"
version = "0.1.10"
source = "registry+https://github.com/rust-lang/crates.io-index"
checksum = "6c230d73fb8d8c1b9c0b3135c5142a8acee3a0558fb8db5cf1cb65f8d7862132"
dependencies = [
 "regex-syntax 0.6.29",
]

[[package]]
name = "regex-syntax"
version = "0.6.29"
source = "registry+https://github.com/rust-lang/crates.io-index"
checksum = "f162c6dd7b008981e4d40210aca20b4bd0f9b60ca9271061b07f78537722f2e1"

[[package]]
name = "regex-syntax"
version = "0.7.2"
source = "registry+https://github.com/rust-lang/crates.io-index"
checksum = "436b050e76ed2903236f032a59761c1eb99e1b0aead2c257922771dab1fc8c78"

[[package]]
name = "rustc-demangle"
version = "0.1.23"
source = "registry+https://github.com/rust-lang/crates.io-index"
checksum = "d626bb9dae77e28219937af045c257c28bfd3f69333c512553507f5f9798cb76"

[[package]]
name = "rustversion"
version = "1.0.12"
source = "registry+https://github.com/rust-lang/crates.io-index"
checksum = "4f3208ce4d8448b3f3e7d168a73f5e0c43a61e32930de3bceeccedb388b6bf06"

[[package]]
name = "scoped-tls"
version = "1.0.1"
source = "registry+https://github.com/rust-lang/crates.io-index"
checksum = "e1cf6437eb19a8f4a6cc0f7dca544973b0b78843adbfeb3683d1a94a0024a294"

[[package]]
name = "scopeguard"
version = "1.1.0"
source = "registry+https://github.com/rust-lang/crates.io-index"
checksum = "d29ab0c6d3fc0ee92fe66e2d99f700eab17a8d57d1c1d3b748380fb20baa78cd"

[[package]]
name = "sharded-slab"
version = "0.1.4"
source = "registry+https://github.com/rust-lang/crates.io-index"
checksum = "900fba806f70c630b0a382d0d825e17a0f19fcd059a2ade1ff237bcddf446b31"
dependencies = [
 "lazy_static",
]

[[package]]
name = "smallvec"
version = "1.10.0"
source = "registry+https://github.com/rust-lang/crates.io-index"
checksum = "a507befe795404456341dfab10cef66ead4c041f62b8b11bbb92bffe5d0953e0"

[[package]]
name = "snafu"
version = "0.7.4"
source = "registry+https://github.com/rust-lang/crates.io-index"
checksum = "cb0656e7e3ffb70f6c39b3c2a86332bb74aa3c679da781642590f3c1118c5045"
dependencies = [
 "doc-comment",
 "snafu-derive",
]

[[package]]
name = "snafu-derive"
version = "0.7.4"
source = "registry+https://github.com/rust-lang/crates.io-index"
checksum = "475b3bbe5245c26f2d8a6f62d67c1f30eb9fffeccee721c45d162c3ebbdf81b2"
dependencies = [
 "heck",
 "proc-macro2",
 "quote",
 "syn 1.0.109",
]

[[package]]
name = "spin"
version = "0.9.8"
source = "registry+https://github.com/rust-lang/crates.io-index"
checksum = "6980e8d7511241f8acf4aebddbb1ff938df5eebe98691418c4468d0b72a96a67"
dependencies = [
 "lock_api",
]

[[package]]
name = "syn"
version = "1.0.109"
source = "registry+https://github.com/rust-lang/crates.io-index"
checksum = "72b64191b275b66ffe2469e8af2c1cfe3bafa67b529ead792a6d0160888b4237"
dependencies = [
 "proc-macro2",
 "quote",
 "unicode-ident",
]

[[package]]
name = "syn"
version = "2.0.22"
source = "registry+https://github.com/rust-lang/crates.io-index"
checksum = "2efbeae7acf4eabd6bcdcbd11c92f45231ddda7539edc7806bd1a04a03b24616"
dependencies = [
 "proc-macro2",
 "quote",
 "unicode-ident",
]

[[package]]
name = "thread_local"
version = "1.1.7"
source = "registry+https://github.com/rust-lang/crates.io-index"
checksum = "3fdd6f064ccff2d6567adcb3873ca630700f00b5ad3f060c25b5dcfd9a4ce152"
dependencies = [
 "cfg-if",
 "once_cell",
]

[[package]]
name = "time"
version = "0.1.45"
source = "registry+https://github.com/rust-lang/crates.io-index"
checksum = "1b797afad3f312d1c66a56d11d0316f916356d11bd158fbc6ca6389ff6bf805a"
dependencies = [
 "libc",
 "wasi",
 "winapi",
]

[[package]]
name = "time"
version = "0.3.22"
source = "registry+https://github.com/rust-lang/crates.io-index"
checksum = "ea9e1b3cf1243ae005d9e74085d4d542f3125458f3a81af210d901dcd7411efd"
dependencies = [
 "time-core",
]

[[package]]
name = "time-core"
version = "0.1.1"
source = "registry+https://github.com/rust-lang/crates.io-index"
checksum = "7300fbefb4dadc1af235a9cef3737cea692a9d97e1b9cbcd4ebdae6f8868e6fb"

[[package]]
name = "tracing"
version = "0.1.37"
source = "registry+https://github.com/rust-lang/crates.io-index"
checksum = "8ce8c33a8d48bd45d624a6e523445fd21ec13d3653cd51f681abf67418f54eb8"
dependencies = [
 "cfg-if",
 "pin-project-lite",
 "tracing-attributes",
 "tracing-core",
]

[[package]]
name = "tracing-attributes"
version = "0.1.26"
source = "registry+https://github.com/rust-lang/crates.io-index"
checksum = "5f4f31f56159e98206da9efd823404b79b6ef3143b4a7ab76e67b1751b25a4ab"
dependencies = [
 "proc-macro2",
 "quote",
 "syn 2.0.22",
]

[[package]]
name = "tracing-core"
version = "0.1.31"
source = "registry+https://github.com/rust-lang/crates.io-index"
checksum = "0955b8137a1df6f1a2e9a37d8a6656291ff0297c1a97c24e0d8425fe2312f79a"
dependencies = [
 "once_cell",
 "valuable",
]

[[package]]
name = "tracing-log"
version = "0.1.3"
source = "registry+https://github.com/rust-lang/crates.io-index"
checksum = "78ddad33d2d10b1ed7eb9d1f518a5674713876e97e5bb9b7345a7984fbb4f922"
dependencies = [
 "lazy_static",
 "log",
 "tracing-core",
]

[[package]]
name = "tracing-subscriber"
version = "0.3.17"
source = "registry+https://github.com/rust-lang/crates.io-index"
checksum = "30a651bc37f915e81f087d86e62a18eec5f79550c7faff886f7090b4ea757c77"
dependencies = [
 "matchers",
 "nu-ansi-term",
 "once_cell",
 "regex",
 "sharded-slab",
 "smallvec",
 "thread_local",
 "tracing",
 "tracing-core",
 "tracing-log",
]

[[package]]
name = "uart_16550"
version = "0.3.0"
source = "registry+https://github.com/rust-lang/crates.io-index"
checksum = "6dc00444796f6c71f47c85397a35e9c4dbf9901902ac02386940d178e2b78687"
dependencies = [
 "bitflags",
 "rustversion",
 "x86",
]

[[package]]
name = "unicode-ident"
version = "1.0.9"
source = "registry+https://github.com/rust-lang/crates.io-index"
checksum = "b15811caf2415fb889178633e7724bad2509101cde276048e013b9def5e51fa0"

[[package]]
name = "valuable"
version = "0.1.0"
source = "registry+https://github.com/rust-lang/crates.io-index"
checksum = "830b7e5d4d90034032940e4ace0d9a9a057e7a45cd94e6c007832e39edb82f6d"

[[package]]
name = "volatile"
version = "0.4.6"
source = "registry+https://github.com/rust-lang/crates.io-index"
checksum = "442887c63f2c839b346c192d047a7c87e73d0689c9157b00b53dcc27dd5ea793"

[[package]]
name = "volatile"
version = "0.5.1"
source = "registry+https://github.com/rust-lang/crates.io-index"
checksum = "9eaac9f9d9b7ae00cdd43e21b15e58ccacd903e6d29131d7536765a61969d25e"

[[package]]
name = "wasi"
version = "0.10.0+wasi-snapshot-preview1"
source = "registry+https://github.com/rust-lang/crates.io-index"
checksum = "1a143597ca7c7793eff794def352d41792a93c481eb1042423ff7ff72ba2c31f"

[[package]]
name = "wasm-bindgen"
version = "0.2.87"
source = "registry+https://github.com/rust-lang/crates.io-index"
checksum = "7706a72ab36d8cb1f80ffbf0e071533974a60d0a308d01a5d0375bf60499a342"
dependencies = [
 "cfg-if",
 "wasm-bindgen-macro",
]

[[package]]
name = "wasm-bindgen-backend"
version = "0.2.87"
source = "registry+https://github.com/rust-lang/crates.io-index"
checksum = "5ef2b6d3c510e9625e5fe6f509ab07d66a760f0885d858736483c32ed7809abd"
dependencies = [
 "bumpalo",
 "log",
 "once_cell",
 "proc-macro2",
 "quote",
 "syn 2.0.22",
 "wasm-bindgen-shared",
]

[[package]]
name = "wasm-bindgen-macro"
version = "0.2.87"
source = "registry+https://github.com/rust-lang/crates.io-index"
checksum = "dee495e55982a3bd48105a7b947fd2a9b4a8ae3010041b9e0faab3f9cd028f1d"
dependencies = [
 "quote",
 "wasm-bindgen-macro-support",
]

[[package]]
name = "wasm-bindgen-macro-support"
version = "0.2.87"
source = "registry+https://github.com/rust-lang/crates.io-index"
checksum = "54681b18a46765f095758388f2d0cf16eb8d4169b639ab575a8f5693af210c7b"
dependencies = [
 "proc-macro2",
 "quote",
 "syn 2.0.22",
 "wasm-bindgen-backend",
 "wasm-bindgen-shared",
]

[[package]]
name = "wasm-bindgen-shared"
version = "0.2.87"
source = "registry+https://github.com/rust-lang/crates.io-index"
checksum = "ca6ad05a4870b2bf5fe995117d3728437bd27d7cd5f06f13c17443ef369775a1"

[[package]]
name = "winapi"
version = "0.3.9"
source = "registry+https://github.com/rust-lang/crates.io-index"
checksum = "5c839a674fcd7a98952e593242ea400abe93992746761e38641405d28b00f419"
dependencies = [
 "winapi-i686-pc-windows-gnu",
 "winapi-x86_64-pc-windows-gnu",
]

[[package]]
name = "winapi-i686-pc-windows-gnu"
version = "0.4.0"
source = "registry+https://github.com/rust-lang/crates.io-index"
checksum = "ac3b87c63620426dd9b991e5ce0329eff545bccbbb34f3be09ff6fb6ab51b7b6"

[[package]]
name = "winapi-x86_64-pc-windows-gnu"
version = "0.4.0"
source = "registry+https://github.com/rust-lang/crates.io-index"
checksum = "712e227841d057c1ee1cd2fb22fa7e5a5461ae8e48fa2ca79ec42cfc1931183f"

[[package]]
name = "windows"
version = "0.48.0"
source = "registry+https://github.com/rust-lang/crates.io-index"
checksum = "e686886bc078bc1b0b600cac0147aadb815089b6e4da64016cbd754b6342700f"
dependencies = [
 "windows-targets",
]

[[package]]
name = "windows-targets"
version = "0.48.1"
source = "registry+https://github.com/rust-lang/crates.io-index"
checksum = "05d4b17490f70499f20b9e791dcf6a299785ce8af4d709018206dc5b4953e95f"
dependencies = [
 "windows_aarch64_gnullvm",
 "windows_aarch64_msvc",
 "windows_i686_gnu",
 "windows_i686_msvc",
 "windows_x86_64_gnu",
 "windows_x86_64_gnullvm",
 "windows_x86_64_msvc",
]

[[package]]
name = "windows_aarch64_gnullvm"
version = "0.48.0"
source = "registry+https://github.com/rust-lang/crates.io-index"
checksum = "91ae572e1b79dba883e0d315474df7305d12f569b400fcf90581b06062f7e1bc"

[[package]]
name = "windows_aarch64_msvc"
version = "0.48.0"
source = "registry+https://github.com/rust-lang/crates.io-index"
checksum = "b2ef27e0d7bdfcfc7b868b317c1d32c641a6fe4629c171b8928c7b08d98d7cf3"

[[package]]
name = "windows_i686_gnu"
version = "0.48.0"
source = "registry+https://github.com/rust-lang/crates.io-index"
checksum = "622a1962a7db830d6fd0a69683c80a18fda201879f0f447f065a3b7467daa241"

[[package]]
name = "windows_i686_msvc"
version = "0.48.0"
source = "registry+https://github.com/rust-lang/crates.io-index"
checksum = "4542c6e364ce21bf45d69fdd2a8e455fa38d316158cfd43b3ac1c5b1b19f8e00"

[[package]]
name = "windows_x86_64_gnu"
version = "0.48.0"
source = "registry+https://github.com/rust-lang/crates.io-index"
checksum = "ca2b8a661f7628cbd23440e50b05d705db3686f894fc9580820623656af974b1"

[[package]]
name = "windows_x86_64_gnullvm"
version = "0.48.0"
source = "registry+https://github.com/rust-lang/crates.io-index"
checksum = "7896dbc1f41e08872e9d5e8f8baa8fdd2677f29468c4e156210174edc7f7b953"

[[package]]
name = "windows_x86_64_msvc"
version = "0.48.0"
source = "registry+https://github.com/rust-lang/crates.io-index"
checksum = "1a515f5799fe4961cb532f983ce2b23082366b898e52ffbce459c86f67c8378a"

[[package]]
name = "x86"
version = "0.52.0"
source = "registry+https://github.com/rust-lang/crates.io-index"
checksum = "2781db97787217ad2a2845c396a5efe286f87467a5810836db6d74926e94a385"
dependencies = [
 "bit_field",
 "bitflags",
 "raw-cpuid",
]

[[package]]
name = "x86_64"
version = "0.14.10"
source = "registry+https://github.com/rust-lang/crates.io-index"
checksum = "100555a863c0092238c2e0e814c1096c1e5cf066a309c696a87e907b5f8c5d69"
dependencies = [
 "bit_field",
 "bitflags",
 "rustversion",
 "volatile 0.4.6",
]
