# This file is automatically @generated by Cargo.
# It is not intended for manual editing.
version = 3

[[package]]
name = "android-tzdata"
version = "0.1.1"
source = "registry+https://github.com/rust-lang/crates.io-index"
checksum = "e999941b234f3131b00bc13c22d06e8c5ff726d1b6318ac7eb276997bbb4fef0"

[[package]]
name = "android_system_properties"
version = "0.1.5"
source = "registry+https://github.com/rust-lang/crates.io-index"
checksum = "819e7219dbd41043ac279b19830f2efc897156490d7fd6ea916720117ee66311"
dependencies = [
 "libc",
]

[[package]]
name = "anstream"
version = "0.6.4"
source = "registry+https://github.com/rust-lang/crates.io-index"
checksum = "2ab91ebe16eb252986481c5b62f6098f3b698a45e34b5b98200cf20dd2484a44"
dependencies = [
 "anstyle",
 "anstyle-parse",
 "anstyle-query",
 "anstyle-wincon",
 "colorchoice",
 "utf8parse",
]

[[package]]
name = "anstyle"
version = "1.0.4"
source = "registry+https://github.com/rust-lang/crates.io-index"
checksum = "7079075b41f533b8c61d2a4d073c4676e1f8b249ff94a393b0595db304e0dd87"

[[package]]
name = "anstyle-parse"
version = "0.2.2"
source = "registry+https://github.com/rust-lang/crates.io-index"
checksum = "317b9a89c1868f5ea6ff1d9539a69f45dffc21ce321ac1fd1160dfa48c8e2140"
dependencies = [
 "utf8parse",
]

[[package]]
name = "anstyle-query"
version = "1.0.0"
source = "registry+https://github.com/rust-lang/crates.io-index"
checksum = "5ca11d4be1bab0c8bc8734a9aa7bf4ee8316d462a08c6ac5052f888fef5b494b"
dependencies = [
 "windows-sys",
]

[[package]]
name = "anstyle-wincon"
version = "3.0.1"
source = "registry+https://github.com/rust-lang/crates.io-index"
checksum = "f0699d10d2f4d628a98ee7b57b289abbc98ff3bad977cb3152709d4bf2330628"
dependencies = [
 "anstyle",
 "windows-sys",
]

[[package]]
name = "anyhow"
version = "1.0.75"
source = "registry+https://github.com/rust-lang/crates.io-index"
checksum = "a4668cab20f66d8d020e1fbc0ebe47217433c1b6c8f2040faf858554e394ace6"

[[package]]
name = "arcstr"
version = "1.1.5"
source = "registry+https://github.com/rust-lang/crates.io-index"
checksum = "3f907281554a3d0312bb7aab855a8e0ef6cbf1614d06de54105039ca8b34460e"

[[package]]
name = "arrayref"
version = "0.3.7"
source = "registry+https://github.com/rust-lang/crates.io-index"
checksum = "6b4930d2cb77ce62f89ee5d5289b4ac049559b1c45539271f5ed4fdc7db34545"

[[package]]
name = "arrayvec"
version = "0.7.4"
source = "registry+https://github.com/rust-lang/crates.io-index"
checksum = "96d30a06541fbafbc7f82ed10c06164cfbd2c401138f6addd8404629c4b16711"

[[package]]
name = "autocfg"
version = "1.1.0"
source = "registry+https://github.com/rust-lang/crates.io-index"
checksum = "d468802bab17cbc0cc575e9b053f41e72aa36bfa6b7f55e3529ffa43161b97fa"

[[package]]
name = "bit_field"
version = "0.10.2"
source = "registry+https://github.com/rust-lang/crates.io-index"
checksum = "dc827186963e592360843fb5ba4b973e145841266c1357f7180c43526f2e5b61"

[[package]]
name = "bitflags"
version = "1.3.2"
source = "registry+https://github.com/rust-lang/crates.io-index"
checksum = "bef38d45163c2f1dde094a7dfd33ccf595c92905c8f8f4fdc18d06fb1037718a"

[[package]]
name = "bitflags"
version = "2.4.1"
source = "registry+https://github.com/rust-lang/crates.io-index"
checksum = "327762f6e5a765692301e5bb513e0d9fef63be86bbc14528052b1cd3e6f03e07"

[[package]]
name = "blake3"
version = "1.5.0"
source = "registry+https://github.com/rust-lang/crates.io-index"
checksum = "0231f06152bf547e9c2b5194f247cd97aacf6dcd8b15d8e5ec0663f64580da87"
dependencies = [
 "arrayref",
 "arrayvec",
 "cc",
 "cfg-if",
 "constant_time_eq",
]

[[package]]
name = "bumpalo"
version = "3.14.0"
source = "registry+https://github.com/rust-lang/crates.io-index"
checksum = "7f30e7476521f6f8af1a1c4c0b8cc94f0bee37d91763d0ca2665f299b6cd8aec"

[[package]]
name = "bytemuck"
version = "1.14.0"
source = "registry+https://github.com/rust-lang/crates.io-index"
checksum = "374d28ec25809ee0e23827c2ab573d729e293f281dfe393500e7ad618baa61c6"
dependencies = [
 "bytemuck_derive",
]

[[package]]
name = "bytemuck_derive"
version = "1.5.0"
source = "registry+https://github.com/rust-lang/crates.io-index"
checksum = "965ab7eb5f8f97d2a083c799f3a1b994fc397b2fe2da5d1da1626ce15a39f2b1"
dependencies = [
 "proc-macro2",
 "quote",
 "syn 2.0.39",
]

[[package]]
name = "cargo-run"
version = "0.1.0"
dependencies = [
 "clap",
]

[[package]]
name = "cc"
version = "1.0.83"
source = "registry+https://github.com/rust-lang/crates.io-index"
checksum = "f1174fb0b6ec23863f8b971027804a42614e347eafb0a95bf0b12cdae21fc4d0"
dependencies = [
 "libc",
]

[[package]]
name = "cfg-if"
version = "1.0.0"
source = "registry+https://github.com/rust-lang/crates.io-index"
checksum = "baf1de4339761588bc0619e3cbc0120ee582ebb74b53b4efbf79117bd2da40fd"

[[package]]
name = "chrono"
version = "0.4.31"
source = "registry+https://github.com/rust-lang/crates.io-index"
checksum = "7f2c685bad3eb3d45a01354cedb7d5faa66194d1d58ba6e267a8de788f79db38"
dependencies = [
 "android-tzdata",
 "iana-time-zone",
 "js-sys",
 "num-traits",
 "wasm-bindgen",
 "windows-targets",
]

[[package]]
name = "clap"
version = "4.4.8"
source = "registry+https://github.com/rust-lang/crates.io-index"
checksum = "2275f18819641850fa26c89acc84d465c1bf91ce57bc2748b28c420473352f64"
dependencies = [
 "clap_builder",
 "clap_derive",
]

[[package]]
name = "clap_builder"
version = "4.4.8"
source = "registry+https://github.com/rust-lang/crates.io-index"
checksum = "07cdf1b148b25c1e1f7a42225e30a0d99a615cd4637eae7365548dd4529b95bc"
dependencies = [
 "anstream",
 "anstyle",
 "clap_lex",
 "strsim",
]

[[package]]
name = "clap_derive"
version = "4.4.7"
source = "registry+https://github.com/rust-lang/crates.io-index"
checksum = "cf9804afaaf59a91e75b022a30fb7229a7901f60c755489cc61c9b423b836442"
dependencies = [
 "heck",
 "proc-macro2",
 "quote",
 "syn 2.0.39",
]

[[package]]
name = "clap_lex"
version = "0.6.0"
source = "registry+https://github.com/rust-lang/crates.io-index"
checksum = "702fc72eb24e5a1e48ce58027a675bc24edd52096d5397d4aea7c6dd9eca0bd1"

[[package]]
name = "colorchoice"
version = "1.0.0"
source = "registry+https://github.com/rust-lang/crates.io-index"
checksum = "acbf1af155f9b9ef647e42cdc158db4b64a1b61f743629225fde6f3e0be2a7c7"

[[package]]
name = "constant_time_eq"
version = "0.3.0"
source = "registry+https://github.com/rust-lang/crates.io-index"
checksum = "f7144d30dcf0fafbce74250a3963025d8d52177934239851c917d29f1df280c2"

[[package]]
name = "core-foundation-sys"
version = "0.8.4"
source = "registry+https://github.com/rust-lang/crates.io-index"
checksum = "e496a50fda8aacccc86d7529e2c1e0892dbd0f898a6b5645b5561b89c3210efa"

[[package]]
name = "coreutils"
version = "0.1.0"
dependencies = [
 "anyhow",
 "hyperion-num-postfix",
 "libstd",
]

[[package]]
name = "crossbeam"
version = "0.8.2"
source = "registry+https://github.com/rust-lang/crates.io-index"
checksum = "2801af0d36612ae591caa9568261fddce32ce6e08a7275ea334a06a4ad021a2c"
dependencies = [
 "cfg-if",
 "crossbeam-epoch",
 "crossbeam-queue",
 "crossbeam-utils",
]

[[package]]
name = "crossbeam-epoch"
version = "0.9.15"
source = "registry+https://github.com/rust-lang/crates.io-index"
checksum = "ae211234986c545741a7dc064309f67ee1e5ad243d0e48335adc0484d960bcc7"
dependencies = [
 "autocfg",
 "cfg-if",
 "crossbeam-utils",
 "memoffset",
 "scopeguard",
]

[[package]]
name = "crossbeam-queue"
version = "0.3.8"
source = "registry+https://github.com/rust-lang/crates.io-index"
checksum = "d1cfb3ea8a53f37c40dea2c7bedcbd88bdfae54f5e2175d6ecaff1c988353add"
dependencies = [
 "cfg-if",
 "crossbeam-utils",
]

[[package]]
name = "crossbeam-utils"
version = "0.8.16"
source = "registry+https://github.com/rust-lang/crates.io-index"
checksum = "5a22b2d63d4d1dc0b7f1b6b2747dd0088008a9be28b6ddf0b1e7d335e3037294"
dependencies = [
 "cfg-if",
]

[[package]]
name = "deranged"
version = "0.3.9"
source = "registry+https://github.com/rust-lang/crates.io-index"
checksum = "0f32d04922c60427da6f9fef14d042d9edddef64cb9d4ce0d64d0685fbeb1fd3"
dependencies = [
 "powerfmt",
]

[[package]]
name = "doc-comment"
version = "0.3.3"
source = "registry+https://github.com/rust-lang/crates.io-index"
checksum = "fea41bba32d969b513997752735605054bc0dfa92b4c56bf1189f2e174be7a10"

[[package]]
name = "either"
version = "1.9.0"
source = "registry+https://github.com/rust-lang/crates.io-index"
checksum = "a26ae43d7bcc3b814de94796a5e736d4029efb0ee900c12e2d54c993ad1a1e07"

[[package]]
name = "elf"
version = "0.7.3"
source = "registry+https://github.com/rust-lang/crates.io-index"
checksum = "7f6e7d85896690fe195447717af8eceae0593ac2196fd42fe88c184e904406ce"

[[package]]
name = "futures-core"
version = "0.3.29"
source = "registry+https://github.com/rust-lang/crates.io-index"
checksum = "eb1d22c66e66d9d72e1758f0bd7d4fd0bee04cad842ee34587d68c07e45d088c"

[[package]]
name = "futures-task"
version = "0.3.29"
source = "registry+https://github.com/rust-lang/crates.io-index"
checksum = "efd193069b0ddadc69c46389b740bbccdd97203899b48d09c5f7969591d6bae2"

[[package]]
name = "futures-util"
version = "0.3.29"
source = "registry+https://github.com/rust-lang/crates.io-index"
checksum = "a19526d624e703a3179b3d322efec918b6246ea0fa51d41124525f00f1cc8104"
dependencies = [
 "futures-core",
 "futures-task",
 "pin-project-lite",
 "pin-utils",
]

[[package]]
name = "glam"
version = "0.24.2"
source = "registry+https://github.com/rust-lang/crates.io-index"
checksum = "b5418c17512bdf42730f9032c74e1ae39afc408745ebb2acf72fbc4691c17945"
dependencies = [
 "libm",
]

[[package]]
name = "heck"
version = "0.4.1"
source = "registry+https://github.com/rust-lang/crates.io-index"
checksum = "95505c38b4572b2d910cecb0281560f54b440a19336cbbcb27bf6ce6adc6f5a8"

[[package]]
name = "hyperion-arch"
version = "0.1.0"
dependencies = [
 "hyperion-arch-x86_64",
]

[[package]]
name = "hyperion-arch-x86_64"
version = "0.1.0"
dependencies = [
 "crossbeam",
 "hyperion-boot",
 "hyperion-boot-interface",
 "hyperion-cpu-id",
 "hyperion-drivers",
 "hyperion-interrupts",
 "hyperion-log",
 "hyperion-macros",
 "hyperion-mem",
 "memoffset",
 "smallvec",
 "spin",
 "x86_64",
]

[[package]]
name = "hyperion-backtrace"
version = "0.1.0"
dependencies = [
 "elf",
 "hyperion-boot",
 "hyperion-escape",
 "hyperion-log",
 "rustc-demangle",
 "spin",
 "x86_64",
]

[[package]]
name = "hyperion-bitmap"
version = "0.1.0"

[[package]]
name = "hyperion-boot"
version = "0.1.0"
dependencies = [
 "hyperion-boot-limine",
 "hyperion-log",
 "spin",
]

[[package]]
name = "hyperion-boot-interface"
version = "0.1.0"

[[package]]
name = "hyperion-boot-limine"
version = "0.1.0"
dependencies = [
 "crossbeam",
 "hyperion-boot-interface",
 "hyperion-log",
 "limine",
 "spin",
]

[[package]]
name = "hyperion-checked"
version = "0.1.0"

[[package]]
name = "hyperion-clock"
version = "0.1.0"
dependencies = [
 "crossbeam",
 "spin",
]

[[package]]
name = "hyperion-color"
version = "0.1.0"

[[package]]
name = "hyperion-cpu-id"
version = "0.1.0"
dependencies = [
 "hyperion-boot",
 "x86_64",
]

[[package]]
name = "hyperion-defer"
version = "0.1.0"

[[package]]
name = "hyperion-driver-acpi"
version = "0.1.0"
dependencies = [
 "bit_field",
 "crossbeam",
 "hyperion-boot",
 "hyperion-boot-interface",
 "hyperion-clock",
 "hyperion-cpu-id",
 "hyperion-driver-pic",
 "hyperion-interrupts",
 "hyperion-log",
 "hyperion-mem",
 "hyperion-static-str",
 "hyperion-timer",
 "hyperion-vfs",
 "paste",
 "smallvec",
 "spin",
 "time",
 "x86_64",
]

[[package]]
name = "hyperion-driver-framebuffer"
version = "0.1.0"
dependencies = [
 "hyperion-framebuffer",
 "hyperion-vfs",
]

[[package]]
name = "hyperion-driver-pic"
version = "0.1.0"
dependencies = [
 "hyperion-interrupts",
 "hyperion-log",
 "spin",
 "x86_64",
]

[[package]]
name = "hyperion-driver-pit"
version = "0.1.0"
dependencies = [
 "hyperion-clock",
 "hyperion-driver-pic",
 "spin",
 "x86_64",
]

[[package]]
name = "hyperion-driver-ps2"
version = "0.1.0"
dependencies = [
 "crossbeam",
 "hyperion-driver-acpi",
 "hyperion-interrupts",
 "hyperion-keyboard",
 "hyperion-log",
 "x86_64",
]

[[package]]
name = "hyperion-driver-qemu"
version = "0.1.0"
dependencies = [
 "spin",
 "uart_16550",
 "x86_64",
]

[[package]]
name = "hyperion-driver-rtc"
version = "0.1.0"
dependencies = [
 "hyperion-log",
 "hyperion-macros",
 "hyperion-vfs",
 "spin",
 "time",
 "x86_64",
]

[[package]]
name = "hyperion-drivers"
version = "0.1.0"
dependencies = [
 "hyperion-clock",
 "hyperion-driver-acpi",
 "hyperion-driver-framebuffer",
 "hyperion-driver-ps2",
 "hyperion-driver-rtc",
 "hyperion-keyboard",
 "hyperion-sync",
 "hyperion-vfs",
]

[[package]]
name = "hyperion-escape"
version = "0.1.0"
dependencies = [
 "hyperion-color",
]

[[package]]
name = "hyperion-framebuffer"
version = "0.1.0"
dependencies = [
 "hyperion-boot",
 "hyperion-boot-interface",
 "hyperion-color",
 "hyperion-escape",
 "hyperion-macros",
 "spin",
]

[[package]]
name = "hyperion-futures"
version = "0.1.0"
dependencies = [
 "crossbeam",
 "crossbeam-queue",
 "futures-util",
 "hyperion-arch",
 "hyperion-bitmap",
 "hyperion-clock",
 "hyperion-color",
 "hyperion-driver-acpi",
 "hyperion-instant",
 "hyperion-int-safe-lazy",
 "hyperion-keyboard",
 "hyperion-log",
 "hyperion-mem",
 "hyperion-random",
 "hyperion-scheduler",
 "hyperion-timer",
 "spin",
 "time",
 "x86_64",
]

[[package]]
name = "hyperion-instant"
version = "0.1.0"
dependencies = [
 "hyperion-checked",
 "hyperion-clock",
 "time",
]

[[package]]
name = "hyperion-int-safe-lazy"
version = "0.1.0"
dependencies = [
 "spin",
]

[[package]]
name = "hyperion-interrupts"
version = "0.1.0"
dependencies = [
 "crossbeam",
 "hyperion-macros",
]

[[package]]
name = "hyperion-kernel"
version = "0.1.0"
dependencies = [
 "arcstr",
 "crossbeam",
 "futures-util",
 "hyperion-arch",
 "hyperion-backtrace",
 "hyperion-boot",
 "hyperion-boot-interface",
 "hyperion-color",
 "hyperion-cpu-id",
 "hyperion-drivers",
 "hyperion-framebuffer",
 "hyperion-futures",
 "hyperion-instant",
 "hyperion-interrupts",
 "hyperion-kernel-impl",
 "hyperion-kernel-info",
 "hyperion-kshell",
 "hyperion-log",
 "hyperion-log-multi",
 "hyperion-mem",
 "hyperion-num-postfix",
 "hyperion-random",
 "hyperion-scheduler",
 "hyperion-sync",
 "hyperion-syscall",
 "hyperion-vfs",
 "lock_api",
 "spin",
 "time",
 "x86_64",
]

[[package]]
name = "hyperion-kernel-impl"
version = "0.1.0"
dependencies = [
 "hyperion-arch",
 "hyperion-log",
 "hyperion-mem",
 "hyperion-scheduler",
 "hyperion-sync",
 "hyperion-syscall",
 "hyperion-vfs",
 "lock_api",
 "spin",
 "x86_64",
]

[[package]]
name = "hyperion-kernel-info"
version = "0.1.0"
dependencies = [
 "hyperion-macros",
]

[[package]]
name = "hyperion-keyboard"
version = "0.1.0"
dependencies = [
 "crossbeam",
 "crossbeam-queue",
 "futures-util",
 "hyperion-int-safe-lazy",
 "hyperion-log",
 "pc-keyboard",
 "spin",
]

[[package]]
name = "hyperion-kshell"
version = "0.1.0"
dependencies = [
 "arcstr",
 "coreutils",
 "futures-util",
 "glam",
 "hyperion-arch",
 "hyperion-color",
 "hyperion-cpu-id",
 "hyperion-driver-acpi",
 "hyperion-escape",
 "hyperion-framebuffer",
 "hyperion-futures",
 "hyperion-instant",
 "hyperion-kernel-impl",
 "hyperion-kernel-info",
 "hyperion-keyboard",
 "hyperion-loader",
 "hyperion-log",
 "hyperion-log-multi",
 "hyperion-mem",
 "hyperion-num-postfix",
 "hyperion-random",
 "hyperion-scheduler",
 "hyperion-vfs",
 "itertools",
 "libm",
 "lock_api",
 "sample-elf",
 "snafu",
 "spin",
 "time",
]

[[package]]
name = "hyperion-loader"
version = "0.1.0"
dependencies = [
 "elf",
 "hyperion-arch",
 "hyperion-boot",
 "hyperion-log",
 "hyperion-mem",
 "hyperion-scheduler",
 "x86_64",
]

[[package]]
name = "hyperion-log"
version = "0.1.0"
dependencies = [
 "arcstr",
 "hyperion-escape",
 "spin",
]

[[package]]
name = "hyperion-log-multi"
version = "0.1.0"
dependencies = [
 "arcstr",
 "crossbeam",
 "hyperion-boot",
 "hyperion-driver-qemu",
 "hyperion-log",
 "hyperion-scheduler",
 "spin",
]

[[package]]
name = "hyperion-macros"
version = "0.1.0"
dependencies = [
 "chrono",
 "proc-macro2",
 "quote",
 "syn 2.0.39",
]

[[package]]
name = "hyperion-mem"
version = "0.1.0"
dependencies = [
 "bytemuck",
 "hyperion-bitmap",
 "hyperion-boot",
 "hyperion-boot-interface",
 "hyperion-log",
 "hyperion-num-postfix",
 "hyperion-slab-alloc",
 "hyperion-sync",
 "lock_api",
 "spin",
 "volatile 0.5.1",
 "x86_64",
]

[[package]]
name = "hyperion-num-postfix"
version = "0.1.0"

[[package]]
name = "hyperion-random"
version = "0.1.0"
dependencies = [
 "blake3",
 "hyperion-log",
 "hyperion-macros",
 "rand",
 "rand_chacha",
 "spin",
]

[[package]]
name = "hyperion-scheduler"
version = "0.1.0"
dependencies = [
 "arcstr",
 "crossbeam",
 "crossbeam-queue",
 "futures-util",
 "hyperion-arch",
 "hyperion-bitmap",
 "hyperion-clock",
 "hyperion-color",
 "hyperion-cpu-id",
 "hyperion-driver-acpi",
 "hyperion-instant",
 "hyperion-int-safe-lazy",
 "hyperion-keyboard",
 "hyperion-log",
 "hyperion-mem",
 "hyperion-random",
 "hyperion-sync",
 "hyperion-timer",
 "lock_api",
 "ringbuf",
 "spin",
 "time",
 "x86_64",
]

[[package]]
name = "hyperion-slab-alloc"
version = "0.1.0"
dependencies = [
 "bytemuck",
 "lock_api",
 "spin",
]

[[package]]
name = "hyperion-static-str"
version = "0.1.0"

[[package]]
name = "hyperion-sync"
version = "0.1.0"
dependencies = [
 "crossbeam",
 "hyperion-cpu-id",
 "lock_api",
 "spin",
]

[[package]]
name = "hyperion-syscall"
version = "0.1.0"
dependencies = [
 "bitflags 2.4.1",
]

[[package]]
name = "hyperion-timer"
version = "0.1.0"
dependencies = [
 "crossbeam",
 "futures-util",
 "hyperion-instant",
 "hyperion-int-safe-lazy",
 "hyperion-log",
 "spin",
 "time",
]

[[package]]
name = "hyperion-vfs"
version = "0.1.0"
dependencies = [
 "crossbeam",
 "hyperion-log",
 "hyperion-syscall",
 "lock_api",
 "snafu",
 "spin",
]

[[package]]
name = "iana-time-zone"
version = "0.1.58"
source = "registry+https://github.com/rust-lang/crates.io-index"
checksum = "8326b86b6cff230b97d0d312a6c40a60726df3332e721f72a1b035f451663b20"
dependencies = [
 "android_system_properties",
 "core-foundation-sys",
 "iana-time-zone-haiku",
 "js-sys",
 "wasm-bindgen",
 "windows-core",
]

[[package]]
name = "iana-time-zone-haiku"
version = "0.1.2"
source = "registry+https://github.com/rust-lang/crates.io-index"
checksum = "f31827a206f56af32e590ba56d5d2d085f558508192593743f16b2306495269f"
dependencies = [
 "cc",
]

[[package]]
name = "itertools"
version = "0.11.0"
source = "registry+https://github.com/rust-lang/crates.io-index"
checksum = "b1c173a5686ce8bfa551b3563d0c2170bf24ca44da99c7ca4bfdab5418c3fe57"
dependencies = [
 "either",
]

[[package]]
name = "js-sys"
version = "0.3.65"
source = "registry+https://github.com/rust-lang/crates.io-index"
checksum = "54c0c35952f67de54bb584e9fd912b3023117cbafc0a77d8f3dee1fb5f572fe8"
dependencies = [
 "wasm-bindgen",
]

[[package]]
name = "libc"
version = "0.2.150"
source = "registry+https://github.com/rust-lang/crates.io-index"
checksum = "89d92a4743f9a61002fae18374ed11e7973f530cb3a3255fb354818118b2203c"

[[package]]
name = "libm"
version = "0.2.8"
source = "registry+https://github.com/rust-lang/crates.io-index"
checksum = "4ec2a862134d2a7d32d7983ddcdd1c4923530833c9f2ea1a44fc5fa473989058"

[[package]]
name = "libstd"
version = "0.1.0"
dependencies = [
 "hyperion-slab-alloc",
 "hyperion-syscall",
 "spin",
]

[[package]]
name = "limine"
version = "0.1.12"
source = "registry+https://github.com/rust-lang/crates.io-index"
checksum = "02034f8f6b3e7bf050f310fbaf6db0018b8e54b75598d0a4c97172054752fede"

[[package]]
name = "lock_api"
version = "0.4.11"
source = "registry+https://github.com/rust-lang/crates.io-index"
checksum = "3c168f8615b12bc01f9c17e2eb0cc07dcae1940121185446edc3744920e8ef45"
dependencies = [
 "autocfg",
 "scopeguard",
]

[[package]]
name = "log"
version = "0.4.20"
source = "registry+https://github.com/rust-lang/crates.io-index"
checksum = "b5e6163cb8c49088c2c36f57875e58ccd8c87c7427f7fbd50ea6710b2f3f2e8f"

[[package]]
name = "memoffset"
version = "0.9.0"
source = "registry+https://github.com/rust-lang/crates.io-index"
checksum = "5a634b1c61a95585bd15607c6ab0c4e5b226e695ff2800ba0cdccddf208c406c"
dependencies = [
 "autocfg",
]

[[package]]
name = "num-traits"
version = "0.2.17"
source = "registry+https://github.com/rust-lang/crates.io-index"
checksum = "39e3200413f237f41ab11ad6d161bc7239c84dcb631773ccd7de3dfe4b5c267c"
dependencies = [
 "autocfg",
]

[[package]]
name = "once_cell"
version = "1.18.0"
source = "registry+https://github.com/rust-lang/crates.io-index"
checksum = "dd8b5dd2ae5ed71462c540258bedcb51965123ad7e7ccf4b9a8cafaa4a63576d"

[[package]]
name = "paste"
version = "1.0.14"
source = "registry+https://github.com/rust-lang/crates.io-index"
checksum = "de3145af08024dea9fa9914f381a17b8fc6034dfb00f3a84013f7ff43f29ed4c"

[[package]]
name = "pc-keyboard"
version = "0.7.0"
source = "git+https://github.com/rust-embedded-community/pc-keyboard?rev=4aa5ef6d41fead096c96879ca53497c9ec4ffc30#4aa5ef6d41fead096c96879ca53497c9ec4ffc30"

[[package]]
name = "pin-project-lite"
version = "0.2.13"
source = "registry+https://github.com/rust-lang/crates.io-index"
checksum = "8afb450f006bf6385ca15ef45d71d2288452bc3683ce2e2cacc0d18e4be60b58"

[[package]]
name = "pin-utils"
version = "0.1.0"
source = "registry+https://github.com/rust-lang/crates.io-index"
checksum = "8b870d8c151b6f2fb93e84a13146138f05d02ed11c7e7c54f8826aaaf7c9f184"

[[package]]
name = "powerfmt"
version = "0.2.0"
source = "registry+https://github.com/rust-lang/crates.io-index"
checksum = "439ee305def115ba05938db6eb1644ff94165c5ab5e9420d1c1bcedbba909391"

[[package]]
name = "ppv-lite86"
version = "0.2.17"
source = "registry+https://github.com/rust-lang/crates.io-index"
checksum = "5b40af805b3121feab8a3c29f04d8ad262fa8e0561883e7653e024ae4479e6de"

[[package]]
name = "proc-macro2"
version = "1.0.69"
source = "registry+https://github.com/rust-lang/crates.io-index"
checksum = "134c189feb4956b20f6f547d2cf727d4c0fe06722b20a0eec87ed445a97f92da"
dependencies = [
 "unicode-ident",
]

[[package]]
name = "quote"
version = "1.0.33"
source = "registry+https://github.com/rust-lang/crates.io-index"
checksum = "5267fca4496028628a95160fc423a33e8b2e6af8a5302579e322e4b520293cae"
dependencies = [
 "proc-macro2",
]

[[package]]
name = "rand"
version = "0.8.5"
source = "registry+https://github.com/rust-lang/crates.io-index"
checksum = "34af8d1a0e25924bc5b7c43c079c942339d8f0a8b57c39049bef581b46327404"
dependencies = [
 "rand_chacha",
 "rand_core",
]

[[package]]
name = "rand_chacha"
version = "0.3.1"
source = "registry+https://github.com/rust-lang/crates.io-index"
checksum = "e6c10a63a0fa32252be49d21e7709d4d4baf8d231c2dbce1eaa8141b9b127d88"
dependencies = [
 "ppv-lite86",
 "rand_core",
]

[[package]]
name = "rand_core"
version = "0.6.4"
source = "registry+https://github.com/rust-lang/crates.io-index"
checksum = "ec0be4795e2f6a28069bec0b5ff3e2ac9bafc99e6a9a7dc3547996c5c816922c"

[[package]]
name = "raw-cpuid"
version = "10.7.0"
source = "registry+https://github.com/rust-lang/crates.io-index"
checksum = "6c297679cb867470fa8c9f67dbba74a78d78e3e98d7cf2b08d6d71540f797332"
dependencies = [
 "bitflags 1.3.2",
]

[[package]]
name = "ringbuf"
version = "0.3.3"
source = "registry+https://github.com/rust-lang/crates.io-index"
checksum = "79abed428d1fd2a128201cec72c5f6938e2da607c6f3745f769fabea399d950a"
dependencies = [
 "crossbeam-utils",
]

[[package]]
name = "rustc-demangle"
version = "0.1.23"
source = "registry+https://github.com/rust-lang/crates.io-index"
checksum = "d626bb9dae77e28219937af045c257c28bfd3f69333c512553507f5f9798cb76"

[[package]]
name = "rustversion"
version = "1.0.14"
source = "registry+https://github.com/rust-lang/crates.io-index"
checksum = "7ffc183a10b4478d04cbbbfc96d0873219d962dd5accaff2ffbd4ceb7df837f4"

[[package]]
name = "sample-elf"
version = "0.1.0"
dependencies = [
 "libstd",
 "x86_64",
]

[[package]]
name = "scopeguard"
version = "1.2.0"
source = "registry+https://github.com/rust-lang/crates.io-index"
checksum = "94143f37725109f92c262ed2cf5e59bce7498c01bcc1502d7b9afe439a4e9f49"

[[package]]
name = "smallvec"
version = "1.11.2"
source = "registry+https://github.com/rust-lang/crates.io-index"
checksum = "4dccd0940a2dcdf68d092b8cbab7dc0ad8fa938bf95787e1b916b0e3d0e8e970"

[[package]]
name = "snafu"
version = "0.7.5"
source = "registry+https://github.com/rust-lang/crates.io-index"
checksum = "e4de37ad025c587a29e8f3f5605c00f70b98715ef90b9061a815b9e59e9042d6"
dependencies = [
 "doc-comment",
 "snafu-derive",
]

[[package]]
name = "snafu-derive"
version = "0.7.5"
source = "registry+https://github.com/rust-lang/crates.io-index"
checksum = "990079665f075b699031e9c08fd3ab99be5029b96f3b78dc0709e8f77e4efebf"
dependencies = [
 "heck",
 "proc-macro2",
 "quote",
 "syn 1.0.109",
]

[[package]]
name = "spin"
version = "0.9.8"
source = "registry+https://github.com/rust-lang/crates.io-index"
checksum = "6980e8d7511241f8acf4aebddbb1ff938df5eebe98691418c4468d0b72a96a67"
dependencies = [
 "lock_api",
]

[[package]]
name = "strsim"
version = "0.10.0"
source = "registry+https://github.com/rust-lang/crates.io-index"
checksum = "73473c0e59e6d5812c5dfe2a064a6444949f089e20eec9a2e5506596494e4623"

[[package]]
name = "syn"
version = "1.0.109"
source = "registry+https://github.com/rust-lang/crates.io-index"
checksum = "72b64191b275b66ffe2469e8af2c1cfe3bafa67b529ead792a6d0160888b4237"
dependencies = [
 "proc-macro2",
 "quote",
 "unicode-ident",
]

[[package]]
name = "syn"
version = "2.0.39"
source = "registry+https://github.com/rust-lang/crates.io-index"
checksum = "23e78b90f2fcf45d3e842032ce32e3f2d1545ba6636271dcbf24fa306d87be7a"
dependencies = [
 "proc-macro2",
 "quote",
 "unicode-ident",
]

[[package]]
name = "time"
version = "0.3.30"
source = "registry+https://github.com/rust-lang/crates.io-index"
checksum = "c4a34ab300f2dee6e562c10a046fc05e358b29f9bf92277f30c3c8d82275f6f5"
dependencies = [
 "deranged",
 "powerfmt",
 "time-core",
]

[[package]]
name = "time-core"
version = "0.1.2"
source = "registry+https://github.com/rust-lang/crates.io-index"
checksum = "ef927ca75afb808a4d64dd374f00a2adf8d0fcff8e7b184af886c3c87ec4a3f3"

[[package]]
name = "uart_16550"
version = "0.3.0"
source = "registry+https://github.com/rust-lang/crates.io-index"
checksum = "6dc00444796f6c71f47c85397a35e9c4dbf9901902ac02386940d178e2b78687"
dependencies = [
 "bitflags 1.3.2",
 "rustversion",
 "x86",
]

[[package]]
name = "unicode-ident"
version = "1.0.12"
source = "registry+https://github.com/rust-lang/crates.io-index"
checksum = "3354b9ac3fae1ff6755cb6db53683adb661634f67557942dea4facebec0fee4b"

[[package]]
name = "utf8parse"
version = "0.2.1"
source = "registry+https://github.com/rust-lang/crates.io-index"
checksum = "711b9620af191e0cdc7468a8d14e709c3dcdb115b36f838e601583af800a370a"

[[package]]
name = "volatile"
version = "0.4.6"
source = "registry+https://github.com/rust-lang/crates.io-index"
checksum = "442887c63f2c839b346c192d047a7c87e73d0689c9157b00b53dcc27dd5ea793"

[[package]]
name = "volatile"
version = "0.5.1"
source = "registry+https://github.com/rust-lang/crates.io-index"
checksum = "9eaac9f9d9b7ae00cdd43e21b15e58ccacd903e6d29131d7536765a61969d25e"

[[package]]
name = "wasm-bindgen"
version = "0.2.88"
source = "registry+https://github.com/rust-lang/crates.io-index"
checksum = "7daec296f25a1bae309c0cd5c29c4b260e510e6d813c286b19eaadf409d40fce"
dependencies = [
 "cfg-if",
 "wasm-bindgen-macro",
]

[[package]]
name = "wasm-bindgen-backend"
version = "0.2.88"
source = "registry+https://github.com/rust-lang/crates.io-index"
checksum = "e397f4664c0e4e428e8313a469aaa58310d302159845980fd23b0f22a847f217"
dependencies = [
 "bumpalo",
 "log",
 "once_cell",
 "proc-macro2",
 "quote",
 "syn 2.0.39",
 "wasm-bindgen-shared",
]

[[package]]
name = "wasm-bindgen-macro"
version = "0.2.88"
source = "registry+https://github.com/rust-lang/crates.io-index"
checksum = "5961017b3b08ad5f3fe39f1e79877f8ee7c23c5e5fd5eb80de95abc41f1f16b2"
dependencies = [
 "quote",
 "wasm-bindgen-macro-support",
]

[[package]]
name = "wasm-bindgen-macro-support"
version = "0.2.88"
source = "registry+https://github.com/rust-lang/crates.io-index"
checksum = "c5353b8dab669f5e10f5bd76df26a9360c748f054f862ff5f3f8aae0c7fb3907"
dependencies = [
 "proc-macro2",
 "quote",
 "syn 2.0.39",
 "wasm-bindgen-backend",
 "wasm-bindgen-shared",
]

[[package]]
name = "wasm-bindgen-shared"
version = "0.2.88"
source = "registry+https://github.com/rust-lang/crates.io-index"
checksum = "0d046c5d029ba91a1ed14da14dca44b68bf2f124cfbaf741c54151fdb3e0750b"

[[package]]
name = "windows-core"
version = "0.51.1"
source = "registry+https://github.com/rust-lang/crates.io-index"
checksum = "f1f8cf84f35d2db49a46868f947758c7a1138116f7fac3bc844f43ade1292e64"
dependencies = [
 "windows-targets",
]

[[package]]
name = "windows-sys"
version = "0.48.0"
source = "registry+https://github.com/rust-lang/crates.io-index"
checksum = "677d2418bec65e3338edb076e806bc1ec15693c5d0104683f2efe857f61056a9"
dependencies = [
 "windows-targets",
]

[[package]]
name = "windows-targets"
version = "0.48.5"
source = "registry+https://github.com/rust-lang/crates.io-index"
checksum = "9a2fa6e2155d7247be68c096456083145c183cbbbc2764150dda45a87197940c"
dependencies = [
 "windows_aarch64_gnullvm",
 "windows_aarch64_msvc",
 "windows_i686_gnu",
 "windows_i686_msvc",
 "windows_x86_64_gnu",
 "windows_x86_64_gnullvm",
 "windows_x86_64_msvc",
]

[[package]]
name = "windows_aarch64_gnullvm"
version = "0.48.5"
source = "registry+https://github.com/rust-lang/crates.io-index"
checksum = "2b38e32f0abccf9987a4e3079dfb67dcd799fb61361e53e2882c3cbaf0d905d8"

[[package]]
name = "windows_aarch64_msvc"
version = "0.48.5"
source = "registry+https://github.com/rust-lang/crates.io-index"
checksum = "dc35310971f3b2dbbf3f0690a219f40e2d9afcf64f9ab7cc1be722937c26b4bc"

[[package]]
name = "windows_i686_gnu"
version = "0.48.5"
source = "registry+https://github.com/rust-lang/crates.io-index"
checksum = "a75915e7def60c94dcef72200b9a8e58e5091744960da64ec734a6c6e9b3743e"

[[package]]
name = "windows_i686_msvc"
version = "0.48.5"
source = "registry+https://github.com/rust-lang/crates.io-index"
checksum = "8f55c233f70c4b27f66c523580f78f1004e8b5a8b659e05a4eb49d4166cca406"

[[package]]
name = "windows_x86_64_gnu"
version = "0.48.5"
source = "registry+https://github.com/rust-lang/crates.io-index"
checksum = "53d40abd2583d23e4718fddf1ebec84dbff8381c07cae67ff7768bbf19c6718e"

[[package]]
name = "windows_x86_64_gnullvm"
version = "0.48.5"
source = "registry+https://github.com/rust-lang/crates.io-index"
checksum = "0b7b52767868a23d5bab768e390dc5f5c55825b6d30b86c844ff2dc7414044cc"

[[package]]
name = "windows_x86_64_msvc"
version = "0.48.5"
source = "registry+https://github.com/rust-lang/crates.io-index"
checksum = "ed94fce61571a4006852b7389a063ab983c02eb1bb37b47f8272ce92d06d9538"

[[package]]
name = "x86"
version = "0.52.0"
source = "registry+https://github.com/rust-lang/crates.io-index"
checksum = "2781db97787217ad2a2845c396a5efe286f87467a5810836db6d74926e94a385"
dependencies = [
 "bit_field",
 "bitflags 1.3.2",
 "raw-cpuid",
]

[[package]]
name = "x86_64"
version = "0.14.11"
source = "registry+https://github.com/rust-lang/crates.io-index"
checksum = "3b835097a84e4457323331ec5d6eb23d096066cbfb215d54096dcb4b2e85f500"
dependencies = [
 "bit_field",
 "bitflags 2.4.1",
 "rustversion",
 "volatile 0.4.6",
]
